{
  "name": "thrjs",
  "version": "1.0.0",
  "lockfileVersion": 1,
  "requires": true,
  "dependencies": {
    "dat-gui": {
      "version": "0.5.0",
      "resolved": "https://registry.npmjs.org/dat-gui/-/dat-gui-0.5.0.tgz",
      "integrity": "sha1-EhLag2EJdH0KwiC617B8F9qgNYM="
    },
    "dat.gui": {
      "version": "0.7.1",
      "resolved": "https://registry.npmjs.org/dat.gui/-/dat.gui-0.7.1.tgz",
      "integrity": "sha512-fTv1JQqjwA1Rtjy/i0ThdLgUOSWA3hOJrvNEl3XrfaMvCcFdV0h01bo3aGXknLx3okJ7AO9qqgVz6TbuRHxYAw=="
    },
    "three": {
      "version": "0.92.0",
      "resolved": "https://registry.npmjs.org/three/-/three-0.92.0.tgz",
      "integrity": "sha1-jT0fWviQ5i2n9MtF0gwJ+lEFfc0="
    },
    "three-orbitcontrols": {
      "version": "2.0.0",
      "resolved": "https://registry.npmjs.org/three-orbitcontrols/-/three-orbitcontrols-2.0.0.tgz",
      "integrity": "sha512-VQQ4OnDJ2sRE4QrN5bAQbEYhkBDmHgbw55vYjodkrYk2gJQ+uWMqBciOU5LURMMuFG7opPPHAgNuro2y+lGVJg=="
    }
  }
}
